Microsoft Visual Studio Solution File, Format Version 11.00
# Visual Studio 2008

Project("{5F1BD9D1-56E9-AFF2-8539-81D14D72EA26}") = "Crossroads", "Assembly-CSharp-firstpass.csproj", "{5D1A16BB-8519-7D41-7212-1989456BEAF4}"
EndProject
Project("{5F1BD9D1-56E9-AFF2-8539-81D14D72EA26}") = "Crossroads", "Assembly-CSharp.csproj", "{54328550-4272-1E31-A248-5F28073A00FD}"
EndProject
Project("{5F1BD9D1-56E9-AFF2-8539-81D14D72EA26}") = "Crossroads", "Assembly-CSharp-Editor.csproj", "{1746DBEC-F6A6-C05C-D03E-DB7C58F1981A}"
EndProject
Project("{5F1BD9D1-56E9-AFF2-8539-81D14D72EA26}") = "Crossroads", "Assembly-UnityScript-firstpass.unityproj", "{425A0200-908B-2F22-5B60-EC25C1AC75B5}"
EndProject
Project("{5F1BD9D1-56E9-AFF2-8539-81D14D72EA26}") = "Crossroads", "Assembly-UnityScript.unityproj", "{8810B7CF-AF14-D38C-0FB4-AE86598D2E04}"
EndProject
Project("{5F1BD9D1-56E9-AFF2-8539-81D14D72EA26}") = "Crossroads", "Assembly-UnityScript-Editor.unityproj", "{971EAD86-56E1-AEBA-4F43-17C61ACFF5DB}"
EndProject
Global
	GlobalSection(SolutionConfigurationPlatforms) = preSolution
		Debug|Any CPU = Debug|Any CPU
		Release|Any CPU = Release|Any CPU
	EndGlobalSection
	GlobalSection(ProjectConfigurationPlatforms) = postSolution
		{5D1A16BB-8519-7D41-7212-1989456BEAF4}.Debug|Any CPU.ActiveCfg = Debug|Any CPU
		{5D1A16BB-8519-7D41-7212-1989456BEAF4}.Debug|Any CPU.Build.0 = Debug|Any CPU
		{5D1A16BB-8519-7D41-7212-1989456BEAF4}.Release|Any CPU.ActiveCfg = Release|Any CPU
		{5D1A16BB-8519-7D41-7212-1989456BEAF4}.Release|Any CPU.Build.0 = Release|Any CPU
		{54328550-4272-1E31-A248-5F28073A00FD}.Debug|Any CPU.ActiveCfg = Debug|Any CPU
		{54328550-4272-1E31-A248-5F28073A00FD}.Debug|Any CPU.Build.0 = Debug|Any CPU
		{54328550-4272-1E31-A248-5F28073A00FD}.Release|Any CPU.ActiveCfg = Release|Any CPU
		{54328550-4272-1E31-A248-5F28073A00FD}.Release|Any CPU.Build.0 = Release|Any CPU
		{1746DBEC-F6A6-C05C-D03E-DB7C58F1981A}.Debug|Any CPU.ActiveCfg = Debug|Any CPU
		{1746DBEC-F6A6-C05C-D03E-DB7C58F1981A}.Debug|Any CPU.Build.0 = Debug|Any CPU
		{1746DBEC-F6A6-C05C-D03E-DB7C58F1981A}.Release|Any CPU.ActiveCfg = Release|Any CPU
		{1746DBEC-F6A6-C05C-D03E-DB7C58F1981A}.Release|Any CPU.Build.0 = Release|Any CPU
		{425A0200-908B-2F22-5B60-EC25C1AC75B5}.Debug|Any CPU.ActiveCfg = Debug|Any CPU
		{425A0200-908B-2F22-5B60-EC25C1AC75B5}.Debug|Any CPU.Build.0 = Debug|Any CPU
		{425A0200-908B-2F22-5B60-EC25C1AC75B5}.Release|Any CPU.ActiveCfg = Release|Any CPU
		{425A0200-908B-2F22-5B60-EC25C1AC75B5}.Release|Any CPU.Build.0 = Release|Any CPU
		{8810B7CF-AF14-D38C-0FB4-AE86598D2E04}.Debug|Any CPU.ActiveCfg = Debug|Any CPU
		{8810B7CF-AF14-D38C-0FB4-AE86598D2E04}.Debug|Any CPU.Build.0 = Debug|Any CPU
		{8810B7CF-AF14-D38C-0FB4-AE86598D2E04}.Release|Any CPU.ActiveCfg = Release|Any CPU
		{8810B7CF-AF14-D38C-0FB4-AE86598D2E04}.Release|Any CPU.Build.0 = Release|Any CPU
		{971EAD86-56E1-AEBA-4F43-17C61ACFF5DB}.Debug|Any CPU.ActiveCfg = Debug|Any CPU
		{971EAD86-56E1-AEBA-4F43-17C61ACFF5DB}.Debug|Any CPU.Build.0 = Debug|Any CPU
		{971EAD86-56E1-AEBA-4F43-17C61ACFF5DB}.Release|Any CPU.ActiveCfg = Release|Any CPU
		{971EAD86-56E1-AEBA-4F43-17C61ACFF5DB}.Release|Any CPU.Build.0 = Release|Any CPU
	EndGlobalSection
	GlobalSection(SolutionProperties) = preSolution
		HideSolutionNode = FALSE
	EndGlobalSection
																																																																																																																									GlobalSection(MonoDevelopProperties) = preSolution
		StartupItem = Assembly-CSharp.csproj
		Policies = $0
		$0.TextStylePolicy = $1
		$1.inheritsSet = null
		$1.scope = text/x-csharp
		$0.CSharpFormattingPolicy = $2
		$2.inheritsSet = Mono
		$2.inheritsScope = text/x-csharp
		$2.scope = text/x-csharp
		$0.TextStylePolicy = $3
		$3.FileWidth = 120
		$3.TabWidth = 4
		$3.EolMarker = Unix
		$3.inheritsSet = Mono
		$3.inheritsScope = text/plain
		$3.scope = text/plain
	EndGlobalSection

EndGlobal
